// !$*UTF8*$!
{
	archiveVersion = 1;
	classes = {
	};
	objectVersion = 55;
	objects = {

/* Begin PBXBuildFile section */
		AC3340F828B673110055CC50 /* AppDelegate.swift in Sources */ = {isa = PBXBuildFile; fileRef = AC3340F728B673110055CC50 /* AppDelegate.swift */; };
		AC3340FA28B673110055CC50 /* SceneDelegate.swift in Sources */ = {isa = PBXBuildFile; fileRef = AC3340F928B673110055CC50 /* SceneDelegate.swift */; };
		AC3340FC28B673110055CC50 /* ViewController.swift in Sources */ = {isa = PBXBuildFile; fileRef = AC3340FB28B673110055CC50 /* ViewController.swift */; };
		AC3340FF28B673110055CC50 /* Main.storyboard in Resources */ = {isa = PBXBuildFile; fileRef = AC3340FD28B673110055CC50 /* Main.storyboard */; };
		AC33410128B673150055CC50 /* Assets.xcassets in Resources */ = {isa = PBXBuildFile; fileRef = AC33410028B673150055CC50 /* Assets.xcassets */; };
		AC33410428B673150055CC50 /* LaunchScreen.storyboard in Resources */ = {isa = PBXBuildFile; fileRef = AC33410228B673150055CC50 /* LaunchScreen.storyboard */; };
		AC33411728B6766D0055CC50 /* france@3x.png in Resources */ = {isa = PBXBuildFile; fileRef = AC33410B28B6766C0055CC50 /* france@3x.png */; };
		AC33411828B6766D0055CC50 /* monaco@3x.png in Resources */ = {isa = PBXBuildFile; fileRef = AC33410C28B6766C0055CC50 /* monaco@3x.png */; };
		AC33411928B6766D0055CC50 /* germany@3x.png in Resources */ = {isa = PBXBuildFile; fileRef = AC33410D28B6766C0055CC50 /* germany@3x.png */; };
		AC33411A28B6766D0055CC50 /* ireland@3x.png in Resources */ = {isa = PBXBuildFile; fileRef = AC33410E28B6766C0055CC50 /* ireland@3x.png */; };
		AC33411B28B6766D0055CC50 /* us@3x.png in Resources */ = {isa = PBXBuildFile; fileRef = AC33410F28B6766C0055CC50 /* us@3x.png */; };
		AC33411C28B6766D0055CC50 /* estonia@3x.png in Resources */ = {isa = PBXBuildFile; fileRef = AC33411028B6766C0055CC50 /* estonia@3x.png */; };
		AC33411D28B6766D0055CC50 /* italy@3x.png in Resources */ = {isa = PBXBuildFile; fileRef = AC33411128B6766C0055CC50 /* italy@3x.png */; };
		AC33411E28B6766D0055CC50 /* nigeria@3x.png in Resources */ = {isa = PBXBuildFile; fileRef = AC33411228B6766D0055CC50 /* nigeria@3x.png */; };
		AC33411F28B6766D0055CC50 /* poland@3x.png in Resources */ = {isa = PBXBuildFile; fileRef = AC33411328B6766D0055CC50 /* poland@3x.png */; };
		AC33412028B6766D0055CC50 /* spain@3x.png in Resources */ = {isa = PBXBuildFile; fileRef = AC33411428B6766D0055CC50 /* spain@3x.png */; };
		AC33412128B6766D0055CC50 /* uk@3x.png in Resources */ = {isa = PBXBuildFile; fileRef = AC33411528B6766D0055CC50 /* uk@3x.png */; };
		AC33412228B6766D0055CC50 /* russia@3x.png in Resources */ = {isa = PBXBuildFile; fileRef = AC33411628B6766D0055CC50 /* russia@3x.png */; };
		AC33412428B67BF30055CC50 /* DetailViewController.swift in Sources */ = {isa = PBXBuildFile; fileRef = AC33412328B67BF30055CC50 /* DetailViewController.swift */; };
/* End PBXBuildFile section */

/* Begin PBXFileReference section */
		AC3340F428B673110055CC50 /* Milestone1.app */ = {isa = PBXFileReference; explicitFileType = wrapper.application; includeInIndex = 0; path = Milestone1.app; sourceTree = BUILT_PRODUCTS_DIR; };
		AC3340F728B673110055CC50 /* AppDelegate.swift */ = {isa = PBXFileReference; lastKnownFileType = sourcecode.swift; path = AppDelegate.swift; sourceTree = "<group>"; };
		AC3340F928B673110055CC50 /* SceneDelegate.swift */ = {isa = PBXFileReference; lastKnownFileType = sourcecode.swift; path = SceneDelegate.swift; sourceTree = "<group>"; };
		AC3340FB28B673110055CC50 /* ViewController.swift */ = {isa = PBXFileReference; lastKnownFileType = sourcecode.swift; path = ViewController.swift; sourceTree = "<group>"; };
		AC3340FE28B673110055CC50 /* Base */ = {isa = PBXFileReference; lastKnownFileType = file.storyboard; name = Base; path = Base.lproj/Main.storyboard; sourceTree = "<group>"; };
		AC33410028B673150055CC50 /* Assets.xcassets */ = {isa = PBXFileReference; lastKnownFileType = folder.assetcatalog; path = Assets.xcassets; sourceTree = "<group>"; };
		AC33410328B673150055CC50 /* Base */ = {isa = PBXFileReference; lastKnownFileType = file.storyboard; name = Base; path = Base.lproj/LaunchScreen.storyboard; sourceTree = "<group>"; };
		AC33410528B673150055CC50 /* Info.plist */ = {isa = PBXFileReference; lastKnownFileType = text.plist.xml; path = Info.plist; sourceTree = "<group>"; };
		AC33410B28B6766C0055CC50 /* france@3x.png */ = {isa = PBXFileReference; lastKnownFileType = image.png; path = "france@3x.png"; sourceTree = "<group>"; };
		AC33410C28B6766C0055CC50 /* monaco@3x.png */ = {isa = PBXFileReference; lastKnownFileType = image.png; path = "monaco@3x.png"; sourceTree = "<group>"; };
		AC33410D28B6766C0055CC50 /* germany@3x.png */ = {isa = PBXFileReference; lastKnownFileType = image.png; path = "germany@3x.png"; sourceTree = "<group>"; };
		AC33410E28B6766C0055CC50 /* ireland@3x.png */ = {isa = PBXFileReference; lastKnownFileType = image.png; path = "ireland@3x.png"; sourceTree = "<group>"; };
		AC33410F28B6766C0055CC50 /* us@3x.png */ = {isa = PBXFileReference; lastKnownFileType = image.png; path = "us@3x.png"; sourceTree = "<group>"; };
		AC33411028B6766C0055CC50 /* estonia@3x.png */ = {isa = PBXFileReference; lastKnownFileType = image.png; path = "estonia@3x.png"; sourceTree = "<group>"; };
		AC33411128B6766C0055CC50 /* italy@3x.png */ = {isa = PBXFileReference; lastKnownFileType = image.png; path = "italy@3x.png"; sourceTree = "<group>"; };
		AC33411228B6766D0055CC50 /* nigeria@3x.png */ = {isa = PBXFileReference; lastKnownFileType = image.png; path = "nigeria@3x.png"; sourceTree = "<group>"; };
		AC33411328B6766D0055CC50 /* poland@3x.png */ = {isa = PBXFileReference; lastKnownFileType = image.png; path = "poland@3x.png"; sourceTree = "<group>"; };
		AC33411428B6766D0055CC50 /* spain@3x.png */ = {isa = PBXFileReference; lastKnownFileType = image.png; path = "spain@3x.png"; sourceTree = "<group>"; };
		AC33411528B6766D0055CC50 /* uk@3x.png */ = {isa = PBXFileReference; lastKnownFileType = image.png; path = "uk@3x.png"; sourceTree = "<group>"; };
		AC33411628B6766D0055CC50 /* russia@3x.png */ = {isa = PBXFileReference; lastKnownFileType = image.png; path = "russia@3x.png"; sourceTree = "<group>"; };
		AC33412328B67BF30055CC50 /* DetailViewController.swift */ = {isa = PBXFileReference; lastKnownFileType = sourcecode.swift; path = DetailViewController.swift; sourceTree = "<group>"; };
/* End PBXFileReference section */

/* Begin PBXFrameworksBuildPhase section */
		AC3340F128B673110055CC50 /* Frameworks */ = {
			isa = PBXFrameworksBuildPhase;
			buildActionMask = 2147483647;
			files = (
			);
			runOnlyForDeploymentPostprocessing = 0;
		};
/* End PBXFrameworksBuildPhase section */

/* Begin PBXGroup section */
		AC3340EB28B673110055CC50 = {
			isa = PBXGroup;
			children = (
				AC3340F628B673110055CC50 /* Milestone1 */,
				AC3340F528B673110055CC50 /* Products */,
			);
			sourceTree = "<group>";
		};
		AC3340F528B673110055CC50 /* Products */ = {
			isa = PBXGroup;
			children = (
				AC3340F428B673110055CC50 /* Milestone1.app */,
			);
			name = Products;
			sourceTree = "<group>";
		};
		AC3340F628B673110055CC50 /* Milestone1 */ = {
			isa = PBXGroup;
			children = (
				AC3340F728B673110055CC50 /* AppDelegate.swift */,
				AC3340F928B673110055CC50 /* SceneDelegate.swift */,
				AC3340FB28B673110055CC50 /* ViewController.swift */,
				AC33412328B67BF30055CC50 /* DetailViewController.swift */,
				AC3340FD28B673110055CC50 /* Main.storyboard */,
				AC33410028B673150055CC50 /* Assets.xcassets */,
				AC33410228B673150055CC50 /* LaunchScreen.storyboard */,
				AC33410528B673150055CC50 /* Info.plist */,
				AC33411028B6766C0055CC50 /* estonia@3x.png */,
				AC33410B28B6766C0055CC50 /* france@3x.png */,
				AC33410D28B6766C0055CC50 /* germany@3x.png */,
				AC33410E28B6766C0055CC50 /* ireland@3x.png */,
				AC33411128B6766C0055CC50 /* italy@3x.png */,
				AC33410C28B6766C0055CC50 /* monaco@3x.png */,
				AC33411228B6766D0055CC50 /* nigeria@3x.png */,
				AC33411328B6766D0055CC50 /* poland@3x.png */,
				AC33411628B6766D0055CC50 /* russia@3x.png */,
				AC33411428B6766D0055CC50 /* spain@3x.png */,
				AC33411528B6766D0055CC50 /* uk@3x.png */,
				AC33410F28B6766C0055CC50 /* us@3x.png */,
			);
			path = Milestone1;
			sourceTree = "<group>";
		};
/* End PBXGroup section */

/* Begin PBXNativeTarget section */
		AC3340F328B673110055CC50 /* Milestone1 */ = {
			isa = PBXNativeTarget;
			buildConfigurationList = AC33410828B673150055CC50 /* Build configuration list for PBXNativeTarget "Milestone1" */;
			buildPhases = (
				AC3340F028B673110055CC50 /* Sources */,
				AC3340F128B673110055CC50 /* Frameworks */,
				AC3340F228B673110055CC50 /* Resources */,
			);
			buildRules = (
			);
			dependencies = (
			);
			name = Milestone1;
			productName = Milestone1;
			productReference = AC3340F428B673110055CC50 /* Milestone1.app */;
			productType = "com.apple.product-type.application";
		};
/* End PBXNativeTarget section */

/* Begin PBXProject section */
		AC3340EC28B673110055CC50 /* Project object */ = {
			isa = PBXProject;
			attributes = {
				BuildIndependentTargetsInParallel = 1;
				LastSwiftUpdateCheck = 1340;
				LastUpgradeCheck = 1340;
				TargetAttributes = {
					AC3340F328B673110055CC50 = {
						CreatedOnToolsVersion = 13.4.1;
					};
				};
			};
			buildConfigurationList = AC3340EF28B673110055CC50 /* Build configuration list for PBXProject "Milestone1" */;
			compatibilityVersion = "Xcode 13.0";
			developmentRegion = en;
			hasScannedForEncodings = 0;
			knownRegions = (
				en,
				Base,
			);
			mainGroup = AC3340EB28B673110055CC50;
			productRefGroup = AC3340F528B673110055CC50 /* Products */;
			projectDirPath = "";
			projectRoot = "";
			targets = (
				AC3340F328B673110055CC50 /* Milestone1 */,
			);
		};
/* End PBXProject section */

/* Begin PBXResourcesBuildPhase section */
		AC3340F228B673110055CC50 /* Resources */ = {
			isa = PBXResourcesBuildPhase;
			buildActionMask = 2147483647;
			files = (
				AC33410428B673150055CC50 /* LaunchScreen.storyboard in Resources */,
				AC33411D28B6766D0055CC50 /* italy@3x.png in Resources */,
				AC33410128B673150055CC50 /* Assets.xcassets in Resources */,
				AC33411C28B6766D0055CC50 /* estonia@3x.png in Resources */,
				AC33411728B6766D0055CC50 /* france@3x.png in Resources */,
				AC33411F28B6766D0055CC50 /* poland@3x.png in Resources */,
				AC33411928B6766D0055CC50 /* germany@3x.png in Resources */,
				AC33411828B6766D0055CC50 /* monaco@3x.png in Resources */,
				AC33411A28B6766D0055CC50 /* ireland@3x.png in Resources */,
				AC3340FF28B673110055CC50 /* Main.storyboard in Resources */,
				AC33412028B6766D0055CC50 /* spain@3x.png in Resources */,
				AC33412128B6766D0055CC50 /* uk@3x.png in Resources */,
				AC33411B28B6766D0055CC50 /* us@3x.png in Resources */,
				AC33412228B6766D0055CC50 /* russia@3x.png in Resources */,
				AC33411E28B6766D0055CC50 /* nigeria@3x.png in Resources */,
			);
			runOnlyForDeploymentPostprocessing = 0;
		};
/* End PBXResourcesBuildPhase section */

/* Begin PBXSourcesBuildPhase section */
		AC3340F028B673110055CC50 /* Sources */ = {
			isa = PBXSourcesBuildPhase;
			buildActionMask = 2147483647;
			files = (
				AC3340FC28B673110055CC50 /* ViewController.swift in Sources */,
				AC3340F828B673110055CC50 /* AppDelegate.swift in Sources */,
				AC3340FA28B673110055CC50 /* SceneDelegate.swift in Sources */,
				AC33412428B67BF30055CC50 /* DetailViewController.swift in Sources */,
			);
			runOnlyForDeploymentPostprocessing = 0;
		};
/* End PBXSourcesBuildPhase section */

/* Begin PBXVariantGroup section */
		AC3340FD28B673110055CC50 /* Main.storyboard */ = {
			isa = PBXVariantGroup;
			children = (
				AC3340FE28B673110055CC50 /* Base */,
			);
			name = Main.storyboard;
			sourceTree = "<group>";
		};
		AC33410228B673150055CC50 /* LaunchScreen.storyboard */ = {
			isa = PBXVariantGroup;
			children = (
				AC33410328B673150055CC50 /* Base */,
			);
			name = LaunchScreen.storyboard;
			sourceTree = "<group>";
		};
/* End PBXVariantGroup section */

/* Begin XCBuildConfiguration section */
		AC33410628B673150055CC50 /* Debug */ = {
			isa = XCBuildConfiguration;
			buildSettings = {
				ALWAYS_SEARCH_USER_PATHS = NO;
				CLANG_ANALYZER_NONNULL = YES;
				CLANG_ANALYZER_NUMBER_OBJECT_CONVERSION = YES_AGGRESSIVE;
				CLANG_CXX_LANGUAGE_STANDARD = "gnu++17";
				CLANG_ENABLE_MODULES = YES;
				CLANG_ENABLE_OBJC_ARC = YES;
				CLANG_ENABLE_OBJC_WEAK = YES;
				CLANG_WARN_BLOCK_CAPTURE_AUTORELEASING = YES;
				CLANG_WARN_BOOL_CONVERSION = YES;
				CLANG_WARN_COMMA = YES;
				CLANG_WARN_CONSTANT_CONVERSION = YES;
				CLANG_WARN_DEPRECATED_OBJC_IMPLEMENTATIONS = YES;
				CLANG_WARN_DIRECT_OBJC_ISA_USAGE = YES_ERROR;
				CLANG_WARN_DOCUMENTATION_COMMENTS = YES;
				CLANG_WARN_EMPTY_BODY = YES;
				CLANG_WARN_ENUM_CONVERSION = YES;
				CLANG_WARN_INFINITE_RECURSION = YES;
				CLANG_WARN_INT_CONVERSION = YES;
				CLANG_WARN_NON_LITERAL_NULL_CONVERSION = YES;
				CLANG_WARN_OBJC_IMPLICIT_RETAIN_SELF = YES;
				CLANG_WARN_OBJC_LITERAL_CONVERSION = YES;
				CLANG_WARN_OBJC_ROOT_CLASS = YES_ERROR;
				CLANG_WARN_QUOTED_INCLUDE_IN_FRAMEWORK_HEADER = YES;
				CLANG_WARN_RANGE_LOOP_ANALYSIS = YES;
				CLANG_WARN_STRICT_PROTOTYPES = YES;
				CLANG_WARN_SUSPICIOUS_MOVE = YES;
				CLANG_WARN_UNGUARDED_AVAILABILITY = YES_AGGRESSIVE;
				CLANG_WARN_UNREACHABLE_CODE = YES;
				CLANG_WARN__DUPLICATE_METHOD_MATCH = YES;
				COPY_PHASE_STRIP = NO;
				DEBUG_INFORMATION_FORMAT = dwarf;
				ENABLE_STRICT_OBJC_MSGSEND = YES;
				ENABLE_TESTABILITY = YES;
				GCC_C_LANGUAGE_STANDARD = gnu11;
				GCC_DYNAMIC_NO_PIC = NO;
				GCC_NO_COMMON_BLOCKS = YES;
				GCC_OPTIMIZATION_LEVEL = 0;
				GCC_PREPROCESSOR_DEFINITIONS = (
					"DEBUG=1",
					"$(inherited)",
				);
				GCC_WARN_64_TO_32_BIT_CONVERSION = YES;
				GCC_WARN_ABOUT_RETURN_TYPE = YES_ERROR;
				GCC_WARN_UNDECLARED_SELECTOR = YES;
				GCC_WARN_UNINITIALIZED_AUTOS = YES_AGGRESSIVE;
				GCC_WARN_UNUSED_FUNCTION = YES;
				GCC_WARN_UNUSED_VARIABLE = YES;
				IPHONEOS_DEPLOYMENT_TARGET = 15.5;
				MTL_ENABLE_DEBUG_INFO = INCLUDE_SOURCE;
				MTL_FAST_MATH = YES;
				ONLY_ACTIVE_ARCH = YES;
				SDKROOT = iphoneos;
				SWIFT_ACTIVE_COMPILATION_CONDITIONS = DEBUG;
				SWIFT_OPTIMIZATION_LEVEL = "-Onone";
			};
			name = Debug;
		};
		AC33410728B673150055CC50 /* Release */ = {
			isa = XCBuildConfiguration;
			buildSettings = {
				ALWAYS_SEARCH_USER_PATHS = NO;
				CLANG_ANALYZER_NONNULL = YES;
				CLANG_ANALYZER_NUMBER_OBJECT_CONVERSION = YES_AGGRESSIVE;
				CLANG_CXX_LANGUAGE_STANDARD = "gnu++17";
				CLANG_ENABLE_MODULES = YES;
				CLANG_ENABLE_OBJC_ARC = YES;
				CLANG_ENABLE_OBJC_WEAK = YES;
				CLANG_WARN_BLOCK_CAPTURE_AUTORELEASING = YES;
				CLANG_WARN_BOOL_CONVERSION = YES;
				CLANG_WARN_COMMA = YES;
				CLANG_WARN_CONSTANT_CONVERSION = YES;
				CLANG_WARN_DEPRECATED_OBJC_IMPLEMENTATIONS = YES;
				CLANG_WARN_DIRECT_OBJC_ISA_USAGE = YES_ERROR;
				CLANG_WARN_DOCUMENTATION_COMMENTS = YES;
				CLANG_WARN_EMPTY_BODY = YES;
				CLANG_WARN_ENUM_CONVERSION = YES;
				CLANG_WARN_INFINITE_RECURSION = YES;
				CLANG_WARN_INT_CONVERSION = YES;
				CLANG_WARN_NON_LITERAL_NULL_CONVERSION = YES;
				CLANG_WARN_OBJC_IMPLICIT_RETAIN_SELF = YES;
				CLANG_WARN_OBJC_LITERAL_CONVERSION = YES;
				CLANG_WARN_OBJC_ROOT_CLASS = YES_ERROR;
				CLANG_WARN_QUOTED_INCLUDE_IN_FRAMEWORK_HEADER = YES;
				CLANG_WARN_RANGE_LOOP_ANALYSIS = YES;
				CLANG_WARN_STRICT_PROTOTYPES = YES;
				CLANG_WARN_SUSPICIOUS_MOVE = YES;
				CLANG_WARN_UNGUARDED_AVAILABILITY = YES_AGGRESSIVE;
				CLANG_WARN_UNREACHABLE_CODE = YES;
				CLANG_WARN__DUPLICATE_METHOD_MATCH = YES;
				COPY_PHASE_STRIP = NO;
				DEBUG_INFORMATION_FORMAT = "dwarf-with-dsym";
				ENABLE_NS_ASSERTIONS = NO;
				ENABLE_STRICT_OBJC_MSGSEND = YES;
				GCC_C_LANGUAGE_STANDARD = gnu11;
				GCC_NO_COMMON_BLOCKS = YES;
				GCC_WARN_64_TO_32_BIT_CONVERSION = YES;
				GCC_WARN_ABOUT_RETURN_TYPE = YES_ERROR;
				GCC_WARN_UNDECLARED_SELECTOR = YES;
				GCC_WARN_UNINITIALIZED_AUTOS = YES_AGGRESSIVE;
				GCC_WARN_UNUSED_FUNCTION = YES;
				GCC_WARN_UNUSED_VARIABLE = YES;
				IPHONEOS_DEPLOYMENT_TARGET = 15.5;
				MTL_ENABLE_DEBUG_INFO = NO;
				MTL_FAST_MATH = YES;
				SDKROOT = iphoneos;
				SWIFT_COMPILATION_MODE = wholemodule;
				SWIFT_OPTIMIZATION_LEVEL = "-O";
				VALIDATE_PRODUCT = YES;
			};
			name = Release;
		};
		AC33410928B673150055CC50 /* Debug */ = {
			isa = XCBuildConfiguration;
			buildSettings = {
				ASSETCATALOG_COMPILER_APPICON_NAME = AppIcon;
				ASSETCATALOG_COMPILER_GLOBAL_ACCENT_COLOR_NAME = AccentColor;
				CODE_SIGN_STYLE = Automatic;
				CURRENT_PROJECT_VERSION = 1;
				DEVELOPMENT_TEAM = J7WDD62VCL;
				GENERATE_INFOPLIST_FILE = YES;
				INFOPLIST_FILE = Milestone1/Info.plist;
				INFOPLIST_KEY_UIApplicationSupportsIndirectInputEvents = YES;
				INFOPLIST_KEY_UILaunchStoryboardName = LaunchScreen;
				INFOPLIST_KEY_UIMainStoryboardFile = Main;
				INFOPLIST_KEY_UISupportedInterfaceOrientations_iPad = "UIInterfaceOrientationPortrait UIInterfaceOrientationPortraitUpsideDown UIInterfaceOrientationLandscapeLeft UIInterfaceOrientationLandscapeRight";
				INFOPLIST_KEY_UISupportedInterfaceOrientations_iPhone = "UIInterfaceOrientationPortrait UIInterfaceOrientationLandscapeLeft UIInterfaceOrientationLandscapeRight";
				LD_RUNPATH_SEARCH_PATHS = (
					"$(inherited)",
					"@executable_path/Frameworks",
				);
				MARKETING_VERSION = 1.0;
				PRODUCT_BUNDLE_IDENTIFIER = com.muhsincanyilmaz.Milestone1;
				PRODUCT_NAME = "$(TARGET_NAME)";
				SWIFT_EMIT_LOC_STRINGS = YES;
				SWIFT_VERSION = 5.0;
				TARGETED_DEVICE_FAMILY = "1,2";
			};
			name = Debug;
		};
		AC33410A28B673150055CC50 /* Release */ = {
			isa = XCBuildConfiguration;
			buildSettings = {
				ASSETCATALOG_COMPILER_APPICON_NAME = AppIcon;
				ASSETCATALOG_COMPILER_GLOBAL_ACCENT_COLOR_NAME = AccentColor;
				CODE_SIGN_STYLE = Automatic;
				CURRENT_PROJECT_VERSION = 1;
				DEVELOPMENT_TEAM = J7WDD62VCL;
				GENERATE_INFOPLIST_FILE = YES;
				INFOPLIST_FILE = Milestone1/Info.plist;
				INFOPLIST_KEY_UIApplicationSupportsIndirectInputEvents = YES;
				INFOPLIST_KEY_UILaunchStoryboardName = LaunchScreen;
				INFOPLIST_KEY_UIMainStoryboardFile = Main;
				INFOPLIST_KEY_UISupportedInterfaceOrientations_iPad = "UIInterfaceOrientationPortrait UIInterfaceOrientationPortraitUpsideDown UIInterfaceOrientationLandscapeLeft UIInterfaceOrientationLandscapeRight";
				INFOPLIST_KEY_UISupportedInterfaceOrientations_iPhone = "UIInterfaceOrientationPortrait UIInterfaceOrientationLandscapeLeft UIInterfaceOrientationLandscapeRight";
				LD_RUNPATH_SEARCH_PATHS = (
					"$(inherited)",
					"@executable_path/Frameworks",
				);
				MARKETING_VERSION = 1.0;
				PRODUCT_BUNDLE_IDENTIFIER = com.muhsincanyilmaz.Milestone1;
				PRODUCT_NAME = "$(TARGET_NAME)";
				SWIFT_EMIT_LOC_STRINGS = YES;
				SWIFT_VERSION = 5.0;
				TARGETED_DEVICE_FAMILY = "1,2";
			};
			name = Release;
		};
/* End XCBuildConfiguration section */

/* Begin XCConfigurationList section */
		AC3340EF28B673110055CC50 /* Build configuration list for PBXProject "Milestone1" */ = {
			isa = XCConfigurationList;
			buildConfigurations = (
				AC33410628B673150055CC50 /* Debug */,
				AC33410728B673150055CC50 /* Release */,
			);
			defaultConfigurationIsVisible = 0;
			defaultConfigurationName = Release;
		};
		AC33410828B673150055CC50 /* Build configuration list for PBXNativeTarget "Milestone1" */ = {
			isa = XCConfigurationList;
			buildConfigurations = (
				AC33410928B673150055CC50 /* Debug */,
				AC33410A28B673150055CC50 /* Release */,
			);
			defaultConfigurationIsVisible = 0;
			defaultConfigurationName = Release;
		};
/* End XCConfigurationList section */
	};
	rootObject = AC3340EC28B673110055CC50 /* Project object */;
}
